
Microsoft Visual Studio Solution File, Format Version 12.00
Project("{FAE04EC0-301F-11D3-BF4B-00C04F79EFBC}") = "WebApp", "WebApp\WebApp.csproj", "{EBF6BAF3-1353-4593-8E15-337DA8594731}"
EndProject
Project("{2150E333-8FDC-42A3-9474-1A3956D46DE8}") = "0-SolutionItems", "0-SolutionItems", "{9CE1310F-B0BC-48AD-882E-1D940F62CDF8}"
	ProjectSection(SolutionItems) = preProject
		.gitignore = .gitignore
		Directory.Build.props = Directory.Build.props
		docker-compose.yml = docker-compose.yml
		helper.md = helper.md
		README.md = README.md
		testtoo_DB_dump.sql = testtoo_DB_dump.sql
	EndProjectSection
EndProject
Project("{2150E333-8FDC-42A3-9474-1A3956D46DE8}") = "1-App", "1-App", "{1BA2930E-2809-49EE-8FCA-490568DA5EBF}"
EndProject
Project("{2150E333-8FDC-42A3-9474-1A3956D46DE8}") = "2-Base", "2-Base", "{ED83CEC6-FEDA-4BEF-8B05-14F744204951}"
EndProject
Project("{FAE04EC0-301F-11D3-BF4B-00C04F79EFBC}") = "Base.Contracts.DAL", "Base.Contracts.DAL\Base.Contracts.DAL.csproj", "{4CC5A1B2-0ACA-42D8-822A-2C24DC655622}"
EndProject
Project("{FAE04EC0-301F-11D3-BF4B-00C04F79EFBC}") = "Base.Contracts.Domain", "Base.Contracts.Domain\Base.Contracts.Domain.csproj", "{8AF19587-4237-4DC0-B685-CFBF929C1450}"
EndProject
Project("{FAE04EC0-301F-11D3-BF4B-00C04F79EFBC}") = "Base.DAL.EF", "Base.DAL.EF\Base.DAL.EF.csproj", "{24B7F9AA-68AE-4F1F-8113-99705867C51B}"
EndProject
Project("{FAE04EC0-301F-11D3-BF4B-00C04F79EFBC}") = "Base.Domain", "Base.Domain\Base.Domain.csproj", "{85FFB092-9619-4F51-AFD5-0B1FB038B631}"
EndProject
Project("{FAE04EC0-301F-11D3-BF4B-00C04F79EFBC}") = "Helpers", "Helpers\Helpers.csproj", "{DFFF502B-7466-4801-96AA-DC029FE86237}"
EndProject
Project("{FAE04EC0-301F-11D3-BF4B-00C04F79EFBC}") = "App.Contracts.DAL", "App.Contracts.DAL\App.Contracts.DAL.csproj", "{94A62FB5-ECBC-4B36-B06A-5B3EDCBB7610}"
EndProject
Project("{FAE04EC0-301F-11D3-BF4B-00C04F79EFBC}") = "App.DAL.EF", "App.DAL.EF\App.DAL.EF.csproj", "{90714BAF-C590-41F3-8AF3-BE17A11DA642}"
EndProject
Project("{FAE04EC0-301F-11D3-BF4B-00C04F79EFBC}") = "App.Domain", "App.Domain\App.Domain.csproj", "{8C70453A-2571-49BE-A0D1-D96E704D4474}"
EndProject
Global
	GlobalSection(SolutionConfigurationPlatforms) = preSolution
		Debug|Any CPU = Debug|Any CPU
		Release|Any CPU = Release|Any CPU
	EndGlobalSection
	GlobalSection(ProjectConfigurationPlatforms) = postSolution
		{EBF6BAF3-1353-4593-8E15-337DA8594731}.Debug|Any CPU.ActiveCfg = Debug|Any CPU
		{EBF6BAF3-1353-4593-8E15-337DA8594731}.Debug|Any CPU.Build.0 = Debug|Any CPU
		{EBF6BAF3-1353-4593-8E15-337DA8594731}.Release|Any CPU.ActiveCfg = Release|Any CPU
		{EBF6BAF3-1353-4593-8E15-337DA8594731}.Release|Any CPU.Build.0 = Release|Any CPU
		{4CC5A1B2-0ACA-42D8-822A-2C24DC655622}.Debug|Any CPU.ActiveCfg = Debug|Any CPU
		{4CC5A1B2-0ACA-42D8-822A-2C24DC655622}.Debug|Any CPU.Build.0 = Debug|Any CPU
		{4CC5A1B2-0ACA-42D8-822A-2C24DC655622}.Release|Any CPU.ActiveCfg = Release|Any CPU
		{4CC5A1B2-0ACA-42D8-822A-2C24DC655622}.Release|Any CPU.Build.0 = Release|Any CPU
		{8AF19587-4237-4DC0-B685-CFBF929C1450}.Debug|Any CPU.ActiveCfg = Debug|Any CPU
		{8AF19587-4237-4DC0-B685-CFBF929C1450}.Debug|Any CPU.Build.0 = Debug|Any CPU
		{8AF19587-4237-4DC0-B685-CFBF929C1450}.Release|Any CPU.ActiveCfg = Release|Any CPU
		{8AF19587-4237-4DC0-B685-CFBF929C1450}.Release|Any CPU.Build.0 = Release|Any CPU
		{24B7F9AA-68AE-4F1F-8113-99705867C51B}.Debug|Any CPU.ActiveCfg = Debug|Any CPU
		{24B7F9AA-68AE-4F1F-8113-99705867C51B}.Debug|Any CPU.Build.0 = Debug|Any CPU
		{24B7F9AA-68AE-4F1F-8113-99705867C51B}.Release|Any CPU.ActiveCfg = Release|Any CPU
		{24B7F9AA-68AE-4F1F-8113-99705867C51B}.Release|Any CPU.Build.0 = Release|Any CPU
		{85FFB092-9619-4F51-AFD5-0B1FB038B631}.Debug|Any CPU.ActiveCfg = Debug|Any CPU
		{85FFB092-9619-4F51-AFD5-0B1FB038B631}.Debug|Any CPU.Build.0 = Debug|Any CPU
		{85FFB092-9619-4F51-AFD5-0B1FB038B631}.Release|Any CPU.ActiveCfg = Release|Any CPU
		{85FFB092-9619-4F51-AFD5-0B1FB038B631}.Release|Any CPU.Build.0 = Release|Any CPU
		{DFFF502B-7466-4801-96AA-DC029FE86237}.Debug|Any CPU.ActiveCfg = Debug|Any CPU
		{DFFF502B-7466-4801-96AA-DC029FE86237}.Debug|Any CPU.Build.0 = Debug|Any CPU
		{DFFF502B-7466-4801-96AA-DC029FE86237}.Release|Any CPU.ActiveCfg = Release|Any CPU
		{DFFF502B-7466-4801-96AA-DC029FE86237}.Release|Any CPU.Build.0 = Release|Any CPU
		{94A62FB5-ECBC-4B36-B06A-5B3EDCBB7610}.Debug|Any CPU.ActiveCfg = Debug|Any CPU
		{94A62FB5-ECBC-4B36-B06A-5B3EDCBB7610}.Debug|Any CPU.Build.0 = Debug|Any CPU
		{94A62FB5-ECBC-4B36-B06A-5B3EDCBB7610}.Release|Any CPU.ActiveCfg = Release|Any CPU
		{94A62FB5-ECBC-4B36-B06A-5B3EDCBB7610}.Release|Any CPU.Build.0 = Release|Any CPU
		{90714BAF-C590-41F3-8AF3-BE17A11DA642}.Debug|Any CPU.ActiveCfg = Debug|Any CPU
		{90714BAF-C590-41F3-8AF3-BE17A11DA642}.Debug|Any CPU.Build.0 = Debug|Any CPU
		{90714BAF-C590-41F3-8AF3-BE17A11DA642}.Release|Any CPU.ActiveCfg = Release|Any CPU
		{90714BAF-C590-41F3-8AF3-BE17A11DA642}.Release|Any CPU.Build.0 = Release|Any CPU
		{8C70453A-2571-49BE-A0D1-D96E704D4474}.Debug|Any CPU.ActiveCfg = Debug|Any CPU
		{8C70453A-2571-49BE-A0D1-D96E704D4474}.Debug|Any CPU.Build.0 = Debug|Any CPU
		{8C70453A-2571-49BE-A0D1-D96E704D4474}.Release|Any CPU.ActiveCfg = Release|Any CPU
		{8C70453A-2571-49BE-A0D1-D96E704D4474}.Release|Any CPU.Build.0 = Release|Any CPU
	EndGlobalSection
	GlobalSection(NestedProjects) = preSolution
		{EBF6BAF3-1353-4593-8E15-337DA8594731} = {1BA2930E-2809-49EE-8FCA-490568DA5EBF}
		{4CC5A1B2-0ACA-42D8-822A-2C24DC655622} = {ED83CEC6-FEDA-4BEF-8B05-14F744204951}
		{8AF19587-4237-4DC0-B685-CFBF929C1450} = {ED83CEC6-FEDA-4BEF-8B05-14F744204951}
		{24B7F9AA-68AE-4F1F-8113-99705867C51B} = {ED83CEC6-FEDA-4BEF-8B05-14F744204951}
		{85FFB092-9619-4F51-AFD5-0B1FB038B631} = {ED83CEC6-FEDA-4BEF-8B05-14F744204951}
		{DFFF502B-7466-4801-96AA-DC029FE86237} = {ED83CEC6-FEDA-4BEF-8B05-14F744204951}
		{94A62FB5-ECBC-4B36-B06A-5B3EDCBB7610} = {1BA2930E-2809-49EE-8FCA-490568DA5EBF}
		{90714BAF-C590-41F3-8AF3-BE17A11DA642} = {1BA2930E-2809-49EE-8FCA-490568DA5EBF}
		{8C70453A-2571-49BE-A0D1-D96E704D4474} = {1BA2930E-2809-49EE-8FCA-490568DA5EBF}
	EndGlobalSection
EndGlobal
